
Microsoft Visual Studio Solution File, Format Version 12.00
# Visual Studio Version 16
VisualStudioVersion = 16.0.29905.134
MinimumVisualStudioVersion = 10.0.40219.1
Project("{FAE04EC0-301F-11D3-BF4B-00C04F79EFBC}") = "dot-net-demo", "dot-net-demo\dot-net-demo.csproj", "{4296FB0A-CB51-4519-9F5D-2B939C49264A}"
EndProject
Project("{FAE04EC0-301F-11D3-BF4B-00C04F79EFBC}") = "dot-net-demo.Business", "dot-net-demo.Business\dot-net-demo.Business.csproj", "{54EF9321-4B26-4266-91DF-F18EE6F977EA}"
EndProject
Project("{FAE04EC0-301F-11D3-BF4B-00C04F79EFBC}") = "dot-net-demo.Models", "dot-net-demo.Models\dot-net-demo.Models.csproj", "{825F84E5-9A89-4D82-BA7C-F6D114DA081A}"
EndProject
Global
	GlobalSection(SolutionConfigurationPlatforms) = preSolution
		Debug|Any CPU = Debug|Any CPU
		Release|Any CPU = Release|Any CPU
	EndGlobalSection
	GlobalSection(ProjectConfigurationPlatforms) = postSolution
		{4296FB0A-CB51-4519-9F5D-2B939C49264A}.Debug|Any CPU.ActiveCfg = Debug|Any CPU
		{4296FB0A-CB51-4519-9F5D-2B939C49264A}.Debug|Any CPU.Build.0 = Debug|Any CPU
		{4296FB0A-CB51-4519-9F5D-2B939C49264A}.Release|Any CPU.ActiveCfg = Release|Any CPU
		{4296FB0A-CB51-4519-9F5D-2B939C49264A}.Release|Any CPU.Build.0 = Release|Any CPU
		{54EF9321-4B26-4266-91DF-F18EE6F977EA}.Debug|Any CPU.ActiveCfg = Debug|Any CPU
		{54EF9321-4B26-4266-91DF-F18EE6F977EA}.Debug|Any CPU.Build.0 = Debug|Any CPU
		{54EF9321-4B26-4266-91DF-F18EE6F977EA}.Release|Any CPU.ActiveCfg = Release|Any CPU
		{54EF9321-4B26-4266-91DF-F18EE6F977EA}.Release|Any CPU.Build.0 = Release|Any CPU
		{825F84E5-9A89-4D82-BA7C-F6D114DA081A}.Debug|Any CPU.ActiveCfg = Debug|Any CPU
		{825F84E5-9A89-4D82-BA7C-F6D114DA081A}.Debug|Any CPU.Build.0 = Debug|Any CPU
		{825F84E5-9A89-4D82-BA7C-F6D114DA081A}.Release|Any CPU.ActiveCfg = Release|Any CPU
		{825F84E5-9A89-4D82-BA7C-F6D114DA081A}.Release|Any CPU.Build.0 = Release|Any CPU
	EndGlobalSection
	GlobalSection(SolutionProperties) = preSolution
		HideSolutionNode = FALSE
	EndGlobalSection
	GlobalSection(ExtensibilityGlobals) = postSolution
		SolutionGuid = {464C152A-A072-4FBE-A09B-88D97F1FB009}
	EndGlobalSection
EndGlobal
